// !$*UTF8*$!
{
	archiveVersion = 1;
	classes = {
	};
	objectVersion = 50;
	objects = {

/* Begin PBXBuildFile section */
		183DFF9922B824AE00526983 /* AppDelegate.swift in Sources */ = {isa = PBXBuildFile; fileRef = 183DFF9822B824AE00526983 /* AppDelegate.swift */; };
		183DFF9B22B824AE00526983 /* ViewController.swift in Sources */ = {isa = PBXBuildFile; fileRef = 183DFF9A22B824AE00526983 /* ViewController.swift */; };
		183DFF9E22B824AE00526983 /* Main.storyboard in Resources */ = {isa = PBXBuildFile; fileRef = 183DFF9C22B824AE00526983 /* Main.storyboard */; };
		183DFFA122B824AE00526983 /* practice_git.xcdatamodeld in Sources */ = {isa = PBXBuildFile; fileRef = 183DFF9F22B824AE00526983 /* practice_git.xcdatamodeld */; };
		183DFFA322B824B200526983 /* Assets.xcassets in Resources */ = {isa = PBXBuildFile; fileRef = 183DFFA222B824B200526983 /* Assets.xcassets */; };
		183DFFA622B824B200526983 /* LaunchScreen.storyboard in Resources */ = {isa = PBXBuildFile; fileRef = 183DFFA422B824B200526983 /* LaunchScreen.storyboard */; };
		183DFFB122B824B200526983 /* practice_gitTests.swift in Sources */ = {isa = PBXBuildFile; fileRef = 183DFFB022B824B200526983 /* practice_gitTests.swift */; };
		183DFFBC22B824B200526983 /* practice_gitUITests.swift in Sources */ = {isa = PBXBuildFile; fileRef = 183DFFBB22B824B200526983 /* practice_gitUITests.swift */; };
/* End PBXBuildFile section */

/* Begin PBXContainerItemProxy section */
		183DFFAD22B824B200526983 /* PBXContainerItemProxy */ = {
			isa = PBXContainerItemProxy;
			containerPortal = 183DFF8D22B824AE00526983 /* Project object */;
			proxyType = 1;
			remoteGlobalIDString = 183DFF9422B824AE00526983;
			remoteInfo = "practice-git";
		};
		183DFFB822B824B200526983 /* PBXContainerItemProxy */ = {
			isa = PBXContainerItemProxy;
			containerPortal = 183DFF8D22B824AE00526983 /* Project object */;
			proxyType = 1;
			remoteGlobalIDString = 183DFF9422B824AE00526983;
			remoteInfo = "practice-git";
		};
/* End PBXContainerItemProxy section */

/* Begin PBXFileReference section */
		183DFF9522B824AE00526983 /* practice-git.app */ = {isa = PBXFileReference; explicitFileType = wrapper.application; includeInIndex = 0; path = "practice-git.app"; sourceTree = BUILT_PRODUCTS_DIR; };
		183DFF9822B824AE00526983 /* AppDelegate.swift */ = {isa = PBXFileReference; lastKnownFileType = sourcecode.swift; path = AppDelegate.swift; sourceTree = "<group>"; };
		183DFF9A22B824AE00526983 /* ViewController.swift */ = {isa = PBXFileReference; lastKnownFileType = sourcecode.swift; path = ViewController.swift; sourceTree = "<group>"; };
		183DFF9D22B824AE00526983 /* Base */ = {isa = PBXFileReference; lastKnownFileType = file.storyboard; name = Base; path = Base.lproj/Main.storyboard; sourceTree = "<group>"; };
		183DFFA022B824AE00526983 /* practice_git.xcdatamodel */ = {isa = PBXFileReference; lastKnownFileType = wrapper.xcdatamodel; path = practice_git.xcdatamodel; sourceTree = "<group>"; };
		183DFFA222B824B200526983 /* Assets.xcassets */ = {isa = PBXFileReference; lastKnownFileType = folder.assetcatalog; path = Assets.xcassets; sourceTree = "<group>"; };
		183DFFA522B824B200526983 /* Base */ = {isa = PBXFileReference; lastKnownFileType = file.storyboard; name = Base; path = Base.lproj/LaunchScreen.storyboard; sourceTree = "<group>"; };
		183DFFA722B824B200526983 /* Info.plist */ = {isa = PBXFileReference; lastKnownFileType = text.plist.xml; path = Info.plist; sourceTree = "<group>"; };
		183DFFAC22B824B200526983 /* practice-gitTests.xctest */ = {isa = PBXFileReference; explicitFileType = wrapper.cfbundle; includeInIndex = 0; path = "practice-gitTests.xctest"; sourceTree = BUILT_PRODUCTS_DIR; };
		183DFFB022B824B200526983 /* practice_gitTests.swift */ = {isa = PBXFileReference; lastKnownFileType = sourcecode.swift; path = practice_gitTests.swift; sourceTree = "<group>"; };
		183DFFB222B824B200526983 /* Info.plist */ = {isa = PBXFileReference; lastKnownFileType = text.plist.xml; path = Info.plist; sourceTree = "<group>"; };
		183DFFB722B824B200526983 /* practice-gitUITests.xctest */ = {isa = PBXFileReference; explicitFileType = wrapper.cfbundle; includeInIndex = 0; path = "practice-gitUITests.xctest"; sourceTree = BUILT_PRODUCTS_DIR; };
		183DFFBB22B824B200526983 /* practice_gitUITests.swift */ = {isa = PBXFileReference; lastKnownFileType = sourcecode.swift; path = practice_gitUITests.swift; sourceTree = "<group>"; };
		183DFFBD22B824B200526983 /* Info.plist */ = {isa = PBXFileReference; lastKnownFileType = text.plist.xml; path = Info.plist; sourceTree = "<group>"; };
/* End PBXFileReference section */

/* Begin PBXFrameworksBuildPhase section */
		183DFF9222B824AE00526983 /* Frameworks */ = {
			isa = PBXFrameworksBuildPhase;
			buildActionMask = 2147483647;
			files = (
			);
			runOnlyForDeploymentPostprocessing = 0;
		};
		183DFFA922B824B200526983 /* Frameworks */ = {
			isa = PBXFrameworksBuildPhase;
			buildActionMask = 2147483647;
			files = (
			);
			runOnlyForDeploymentPostprocessing = 0;
		};
		183DFFB422B824B200526983 /* Frameworks */ = {
			isa = PBXFrameworksBuildPhase;
			buildActionMask = 2147483647;
			files = (
			);
			runOnlyForDeploymentPostprocessing = 0;
		};
/* End PBXFrameworksBuildPhase section */

/* Begin PBXGroup section */
		183DFF8C22B824AD00526983 = {
			isa = PBXGroup;
			children = (
				183DFF9722B824AE00526983 /* practice-git */,
				183DFFAF22B824B200526983 /* practice-gitTests */,
				183DFFBA22B824B200526983 /* practice-gitUITests */,
				183DFF9622B824AE00526983 /* Products */,
			);
			sourceTree = "<group>";
		};
		183DFF9622B824AE00526983 /* Products */ = {
			isa = PBXGroup;
			children = (
				183DFF9522B824AE00526983 /* practice-git.app */,
				183DFFAC22B824B200526983 /* practice-gitTests.xctest */,
				183DFFB722B824B200526983 /* practice-gitUITests.xctest */,
			);
			name = Products;
			sourceTree = "<group>";
		};
		183DFF9722B824AE00526983 /* practice-git */ = {
			isa = PBXGroup;
			children = (
				183DFF9822B824AE00526983 /* AppDelegate.swift */,
				183DFF9A22B824AE00526983 /* ViewController.swift */,
				183DFF9C22B824AE00526983 /* Main.storyboard */,
				183DFFA222B824B200526983 /* Assets.xcassets */,
				183DFFA422B824B200526983 /* LaunchScreen.storyboard */,
				183DFFA722B824B200526983 /* Info.plist */,
				183DFF9F22B824AE00526983 /* practice_git.xcdatamodeld */,
			);
			path = "practice-git";
			sourceTree = "<group>";
		};
		183DFFAF22B824B200526983 /* practice-gitTests */ = {
			isa = PBXGroup;
			children = (
				183DFFB022B824B200526983 /* practice_gitTests.swift */,
				183DFFB222B824B200526983 /* Info.plist */,
			);
			path = "practice-gitTests";
			sourceTree = "<group>";
		};
		183DFFBA22B824B200526983 /* practice-gitUITests */ = {
			isa = PBXGroup;
			children = (
				183DFFBB22B824B200526983 /* practice_gitUITests.swift */,
				183DFFBD22B824B200526983 /* Info.plist */,
			);
			path = "practice-gitUITests";
			sourceTree = "<group>";
		};
/* End PBXGroup section */

/* Begin PBXNativeTarget section */
		183DFF9422B824AE00526983 /* practice-git */ = {
			isa = PBXNativeTarget;
			buildConfigurationList = 183DFFC022B824B200526983 /* Build configuration list for PBXNativeTarget "practice-git" */;
			buildPhases = (
				183DFF9122B824AE00526983 /* Sources */,
				183DFF9222B824AE00526983 /* Frameworks */,
				183DFF9322B824AE00526983 /* Resources */,
			);
			buildRules = (
			);
			dependencies = (
			);
			name = "practice-git";
			productName = "practice-git";
			productReference = 183DFF9522B824AE00526983 /* practice-git.app */;
			productType = "com.apple.product-type.application";
		};
		183DFFAB22B824B200526983 /* practice-gitTests */ = {
			isa = PBXNativeTarget;
			buildConfigurationList = 183DFFC322B824B200526983 /* Build configuration list for PBXNativeTarget "practice-gitTests" */;
			buildPhases = (
				183DFFA822B824B200526983 /* Sources */,
				183DFFA922B824B200526983 /* Frameworks */,
				183DFFAA22B824B200526983 /* Resources */,
			);
			buildRules = (
			);
			dependencies = (
				183DFFAE22B824B200526983 /* PBXTargetDependency */,
			);
			name = "practice-gitTests";
			productName = "practice-gitTests";
			productReference = 183DFFAC22B824B200526983 /* practice-gitTests.xctest */;
			productType = "com.apple.product-type.bundle.unit-test";
		};
		183DFFB622B824B200526983 /* practice-gitUITests */ = {
			isa = PBXNativeTarget;
			buildConfigurationList = 183DFFC622B824B200526983 /* Build configuration list for PBXNativeTarget "practice-gitUITests" */;
			buildPhases = (
				183DFFB322B824B200526983 /* Sources */,
				183DFFB422B824B200526983 /* Frameworks */,
				183DFFB522B824B200526983 /* Resources */,
			);
			buildRules = (
			);
			dependencies = (
				183DFFB922B824B200526983 /* PBXTargetDependency */,
			);
			name = "practice-gitUITests";
			productName = "practice-gitUITests";
			productReference = 183DFFB722B824B200526983 /* practice-gitUITests.xctest */;
			productType = "com.apple.product-type.bundle.ui-testing";
		};
/* End PBXNativeTarget section */

/* Begin PBXProject section */
		183DFF8D22B824AE00526983 /* Project object */ = {
			isa = PBXProject;
			attributes = {
				LastSwiftUpdateCheck = 1020;
				LastUpgradeCheck = 1020;
				ORGANIZATIONNAME = Laura;
				TargetAttributes = {
					183DFF9422B824AE00526983 = {
						CreatedOnToolsVersion = 10.2.1;
					};
					183DFFAB22B824B200526983 = {
						CreatedOnToolsVersion = 10.2.1;
						TestTargetID = 183DFF9422B824AE00526983;
					};
					183DFFB622B824B200526983 = {
						CreatedOnToolsVersion = 10.2.1;
						TestTargetID = 183DFF9422B824AE00526983;
					};
				};
			};
			buildConfigurationList = 183DFF9022B824AE00526983 /* Build configuration list for PBXProject "practice-git" */;
			compatibilityVersion = "Xcode 9.3";
			developmentRegion = en;
			hasScannedForEncodings = 0;
			knownRegions = (
				en,
				Base,
			);
			mainGroup = 183DFF8C22B824AD00526983;
			productRefGroup = 183DFF9622B824AE00526983 /* Products */;
			projectDirPath = "";
			projectRoot = "";
			targets = (
				183DFF9422B824AE00526983 /* practice-git */,
				183DFFAB22B824B200526983 /* practice-gitTests */,
				183DFFB622B824B200526983 /* practice-gitUITests */,
			);
		};
/* End PBXProject section */

/* Begin PBXResourcesBuildPhase section */
		183DFF9322B824AE00526983 /* Resources */ = {
			isa = PBXResourcesBuildPhase;
			buildActionMask = 2147483647;
			files = (
				183DFFA622B824B200526983 /* LaunchScreen.storyboard in Resources */,
				183DFFA322B824B200526983 /* Assets.xcassets in Resources */,
				183DFF9E22B824AE00526983 /* Main.storyboard in Resources */,
			);
			runOnlyForDeploymentPostprocessing = 0;
		};
		183DFFAA22B824B200526983 /* Resources */ = {
			isa = PBXResourcesBuildPhase;
			buildActionMask = 2147483647;
			files = (
			);
			runOnlyForDeploymentPostprocessing = 0;
		};
		183DFFB522B824B200526983 /* Resources */ = {
			isa = PBXResourcesBuildPhase;
			buildActionMask = 2147483647;
			files = (
			);
			runOnlyForDeploymentPostprocessing = 0;
		};
/* End PBXResourcesBuildPhase section */

/* Begin PBXSourcesBuildPhase section */
		183DFF9122B824AE00526983 /* Sources */ = {
			isa = PBXSourcesBuildPhase;
			buildActionMask = 2147483647;
			files = (
				183DFF9B22B824AE00526983 /* ViewController.swift in Sources */,
				183DFFA122B824AE00526983 /* practice_git.xcdatamodeld in Sources */,
				183DFF9922B824AE00526983 /* AppDelegate.swift in Sources */,
			);
			runOnlyForDeploymentPostprocessing = 0;
		};
		183DFFA822B824B200526983 /* Sources */ = {
			isa = PBXSourcesBuildPhase;
			buildActionMask = 2147483647;
			files = (
				183DFFB122B824B200526983 /* practice_gitTests.swift in Sources */,
			);
			runOnlyForDeploymentPostprocessing = 0;
		};
		183DFFB322B824B200526983 /* Sources */ = {
			isa = PBXSourcesBuildPhase;
			buildActionMask = 2147483647;
			files = (
				183DFFBC22B824B200526983 /* practice_gitUITests.swift in Sources */,
			);
			runOnlyForDeploymentPostprocessing = 0;
		};
/* End PBXSourcesBuildPhase section */

/* Begin PBXTargetDependency section */
		183DFFAE22B824B200526983 /* PBXTargetDependency */ = {
			isa = PBXTargetDependency;
			target = 183DFF9422B824AE00526983 /* practice-git */;
			targetProxy = 183DFFAD22B824B200526983 /* PBXContainerItemProxy */;
		};
		183DFFB922B824B200526983 /* PBXTargetDependency */ = {
			isa = PBXTargetDependency;
			target = 183DFF9422B824AE00526983 /* practice-git */;
			targetProxy = 183DFFB822B824B200526983 /* PBXContainerItemProxy */;
		};
/* End PBXTargetDependency section */

/* Begin PBXVariantGroup section */
		183DFF9C22B824AE00526983 /* Main.storyboard */ = {
			isa = PBXVariantGroup;
			children = (
				183DFF9D22B824AE00526983 /* Base */,
			);
			name = Main.storyboard;
			sourceTree = "<group>";
		};
		183DFFA422B824B200526983 /* LaunchScreen.storyboard */ = {
			isa = PBXVariantGroup;
			children = (
				183DFFA522B824B200526983 /* Base */,
			);
			name = LaunchScreen.storyboard;
			sourceTree = "<group>";
		};
/* End PBXVariantGroup section */

/* Begin XCBuildConfiguration section */
		183DFFBE22B824B200526983 /* Debug */ = {
			isa = XCBuildConfiguration;
			buildSettings = {
				ALWAYS_SEARCH_USER_PATHS = NO;
				CLANG_ANALYZER_NONNULL = YES;
				CLANG_ANALYZER_NUMBER_OBJECT_CONVERSION = YES_AGGRESSIVE;
				CLANG_CXX_LANGUAGE_STANDARD = "gnu++14";
				CLANG_CXX_LIBRARY = "libc++";
				CLANG_ENABLE_MODULES = YES;
				CLANG_ENABLE_OBJC_ARC = YES;
				CLANG_ENABLE_OBJC_WEAK = YES;
				CLANG_WARN_BLOCK_CAPTURE_AUTORELEASING = YES;
				CLANG_WARN_BOOL_CONVERSION = YES;
				CLANG_WARN_COMMA = YES;
				CLANG_WARN_CONSTANT_CONVERSION = YES;
				CLANG_WARN_DEPRECATED_OBJC_IMPLEMENTATIONS = YES;
				CLANG_WARN_DIRECT_OBJC_ISA_USAGE = YES_ERROR;
				CLANG_WARN_DOCUMENTATION_COMMENTS = YES;
				CLANG_WARN_EMPTY_BODY = YES;
				CLANG_WARN_ENUM_CONVERSION = YES;
				CLANG_WARN_INFINITE_RECURSION = YES;
				CLANG_WARN_INT_CONVERSION = YES;
				CLANG_WARN_NON_LITERAL_NULL_CONVERSION = YES;
				CLANG_WARN_OBJC_IMPLICIT_RETAIN_SELF = YES;
				CLANG_WARN_OBJC_LITERAL_CONVERSION = YES;
				CLANG_WARN_OBJC_ROOT_CLASS = YES_ERROR;
				CLANG_WARN_RANGE_LOOP_ANALYSIS = YES;
				CLANG_WARN_STRICT_PROTOTYPES = YES;
				CLANG_WARN_SUSPICIOUS_MOVE = YES;
				CLANG_WARN_UNGUARDED_AVAILABILITY = YES_AGGRESSIVE;
				CLANG_WARN_UNREACHABLE_CODE = YES;
				CLANG_WARN__DUPLICATE_METHOD_MATCH = YES;
				CODE_SIGN_IDENTITY = "iPhone Developer";
				COPY_PHASE_STRIP = NO;
				DEBUG_INFORMATION_FORMAT = dwarf;
				ENABLE_STRICT_OBJC_MSGSEND = YES;
				ENABLE_TESTABILITY = YES;
				GCC_C_LANGUAGE_STANDARD = gnu11;
				GCC_DYNAMIC_NO_PIC = NO;
				GCC_NO_COMMON_BLOCKS = YES;
				GCC_OPTIMIZATION_LEVEL = 0;
				GCC_PREPROCESSOR_DEFINITIONS = (
					"DEBUG=1",
					"$(inherited)",
				);
				GCC_WARN_64_TO_32_BIT_CONVERSION = YES;
				GCC_WARN_ABOUT_RETURN_TYPE = YES_ERROR;
				GCC_WARN_UNDECLARED_SELECTOR = YES;
				GCC_WARN_UNINITIALIZED_AUTOS = YES_AGGRESSIVE;
				GCC_WARN_UNUSED_FUNCTION = YES;
				GCC_WARN_UNUSED_VARIABLE = YES;
				IPHONEOS_DEPLOYMENT_TARGET = 12.2;
				MTL_ENABLE_DEBUG_INFO = INCLUDE_SOURCE;
				MTL_FAST_MATH = YES;
				ONLY_ACTIVE_ARCH = YES;
				SDKROOT = iphoneos;
				SWIFT_ACTIVE_COMPILATION_CONDITIONS = DEBUG;
				SWIFT_OPTIMIZATION_LEVEL = "-Onone";
			};
			name = Debug;
		};
		183DFFBF22B824B200526983 /* Release */ = {
			isa = XCBuildConfiguration;
			buildSettings = {
				ALWAYS_SEARCH_USER_PATHS = NO;
				CLANG_ANALYZER_NONNULL = YES;
				CLANG_ANALYZER_NUMBER_OBJECT_CONVERSION = YES_AGGRESSIVE;
				CLANG_CXX_LANGUAGE_STANDARD = "gnu++14";
				CLANG_CXX_LIBRARY = "libc++";
				CLANG_ENABLE_MODULES = YES;
				CLANG_ENABLE_OBJC_ARC = YES;
				CLANG_ENABLE_OBJC_WEAK = YES;
				CLANG_WARN_BLOCK_CAPTURE_AUTORELEASING = YES;
				CLANG_WARN_BOOL_CONVERSION = YES;
				CLANG_WARN_COMMA = YES;
				CLANG_WARN_CONSTANT_CONVERSION = YES;
				CLANG_WARN_DEPRECATED_OBJC_IMPLEMENTATIONS = YES;
				CLANG_WARN_DIRECT_OBJC_ISA_USAGE = YES_ERROR;
				CLANG_WARN_DOCUMENTATION_COMMENTS = YES;
				CLANG_WARN_EMPTY_BODY = YES;
				CLANG_WARN_ENUM_CONVERSION = YES;
				CLANG_WARN_INFINITE_RECURSION = YES;
				CLANG_WARN_INT_CONVERSION = YES;
				CLANG_WARN_NON_LITERAL_NULL_CONVERSION = YES;
				CLANG_WARN_OBJC_IMPLICIT_RETAIN_SELF = YES;
				CLANG_WARN_OBJC_LITERAL_CONVERSION = YES;
				CLANG_WARN_OBJC_ROOT_CLASS = YES_ERROR;
				CLANG_WARN_RANGE_LOOP_ANALYSIS = YES;
				CLANG_WARN_STRICT_PROTOTYPES = YES;
				CLANG_WARN_SUSPICIOUS_MOVE = YES;
				CLANG_WARN_UNGUARDED_AVAILABILITY = YES_AGGRESSIVE;
				CLANG_WARN_UNREACHABLE_CODE = YES;
				CLANG_WARN__DUPLICATE_METHOD_MATCH = YES;
				CODE_SIGN_IDENTITY = "iPhone Developer";
				COPY_PHASE_STRIP = NO;
				DEBUG_INFORMATION_FORMAT = "dwarf-with-dsym";
				ENABLE_NS_ASSERTIONS = NO;
				ENABLE_STRICT_OBJC_MSGSEND = YES;
				GCC_C_LANGUAGE_STANDARD = gnu11;
				GCC_NO_COMMON_BLOCKS = YES;
				GCC_WARN_64_TO_32_BIT_CONVERSION = YES;
				GCC_WARN_ABOUT_RETURN_TYPE = YES_ERROR;
				GCC_WARN_UNDECLARED_SELECTOR = YES;
				GCC_WARN_UNINITIALIZED_AUTOS = YES_AGGRESSIVE;
				GCC_WARN_UNUSED_FUNCTION = YES;
				GCC_WARN_UNUSED_VARIABLE = YES;
				IPHONEOS_DEPLOYMENT_TARGET = 12.2;
				MTL_ENABLE_DEBUG_INFO = NO;
				MTL_FAST_MATH = YES;
				SDKROOT = iphoneos;
				SWIFT_COMPILATION_MODE = wholemodule;
				SWIFT_OPTIMIZATION_LEVEL = "-O";
				VALIDATE_PRODUCT = YES;
			};
			name = Release;
		};
		183DFFC122B824B200526983 /* Debug */ = {
			isa = XCBuildConfiguration;
			buildSettings = {
				ASSETCATALOG_COMPILER_APPICON_NAME = AppIcon;
				CODE_SIGN_STYLE = Automatic;
				INFOPLIST_FILE = "practice-git/Info.plist";
				LD_RUNPATH_SEARCH_PATHS = (
					"$(inherited)",
					"@executable_path/Frameworks",
				);
				PRODUCT_BUNDLE_IDENTIFIER = "KWK.practice-git";
				PRODUCT_NAME = "$(TARGET_NAME)";
				SWIFT_VERSION = 5.0;
				TARGETED_DEVICE_FAMILY = "1,2";
			};
			name = Debug;
		};
		183DFFC222B824B200526983 /* Release */ = {
			isa = XCBuildConfiguration;
			buildSettings = {
				ASSETCATALOG_COMPILER_APPICON_NAME = AppIcon;
				CODE_SIGN_STYLE = Automatic;
				INFOPLIST_FILE = "practice-git/Info.plist";
				LD_RUNPATH_SEARCH_PATHS = (
					"$(inherited)",
					"@executable_path/Frameworks",
				);
				PRODUCT_BUNDLE_IDENTIFIER = "KWK.practice-git";
				PRODUCT_NAME = "$(TARGET_NAME)";
				SWIFT_VERSION = 5.0;
				TARGETED_DEVICE_FAMILY = "1,2";
			};
			name = Release;
		};
		183DFFC422B824B200526983 /* Debug */ = {
			isa = XCBuildConfiguration;
			buildSettings = {
				ALWAYS_EMBED_SWIFT_STANDARD_LIBRARIES = YES;
				BUNDLE_LOADER = "$(TEST_HOST)";
				CODE_SIGN_STYLE = Automatic;
				INFOPLIST_FILE = "practice-gitTests/Info.plist";
				LD_RUNPATH_SEARCH_PATHS = (
					"$(inherited)",
					"@executable_path/Frameworks",
					"@loader_path/Frameworks",
				);
				PRODUCT_BUNDLE_IDENTIFIER = "KWK.practice-gitTests";
				PRODUCT_NAME = "$(TARGET_NAME)";
				SWIFT_VERSION = 5.0;
				TARGETED_DEVICE_FAMILY = "1,2";
				TEST_HOST = "$(BUILT_PRODUCTS_DIR)/practice-git.app/practice-git";
			};
			name = Debug;
		};
		183DFFC522B824B200526983 /* Release */ = {
			isa = XCBuildConfiguration;
			buildSettings = {
				ALWAYS_EMBED_SWIFT_STANDARD_LIBRARIES = YES;
				BUNDLE_LOADER = "$(TEST_HOST)";
				CODE_SIGN_STYLE = Automatic;
				INFOPLIST_FILE = "practice-gitTests/Info.plist";
				LD_RUNPATH_SEARCH_PATHS = (
					"$(inherited)",
					"@executable_path/Frameworks",
					"@loader_path/Frameworks",
				);
				PRODUCT_BUNDLE_IDENTIFIER = "KWK.practice-gitTests";
				PRODUCT_NAME = "$(TARGET_NAME)";
				SWIFT_VERSION = 5.0;
				TARGETED_DEVICE_FAMILY = "1,2";
				TEST_HOST = "$(BUILT_PRODUCTS_DIR)/practice-git.app/practice-git";
			};
			name = Release;
		};
		183DFFC722B824B200526983 /* Debug */ = {
			isa = XCBuildConfiguration;
			buildSettings = {
				ALWAYS_EMBED_SWIFT_STANDARD_LIBRARIES = YES;
				CODE_SIGN_STYLE = Automatic;
				INFOPLIST_FILE = "practice-gitUITests/Info.plist";
				LD_RUNPATH_SEARCH_PATHS = (
					"$(inherited)",
					"@executable_path/Frameworks",
					"@loader_path/Frameworks",
				);
				PRODUCT_BUNDLE_IDENTIFIER = "KWK.practice-gitUITests";
				PRODUCT_NAME = "$(TARGET_NAME)";
				SWIFT_VERSION = 5.0;
				TARGETED_DEVICE_FAMILY = "1,2";
				TEST_TARGET_NAME = "practice-git";
			};
			name = Debug;
		};
		183DFFC822B824B200526983 /* Release */ = {
			isa = XCBuildConfiguration;
			buildSettings = {
				ALWAYS_EMBED_SWIFT_STANDARD_LIBRARIES = YES;
				CODE_SIGN_STYLE = Automatic;
				INFOPLIST_FILE = "practice-gitUITests/Info.plist";
				LD_RUNPATH_SEARCH_PATHS = (
					"$(inherited)",
					"@executable_path/Frameworks",
					"@loader_path/Frameworks",
				);
				PRODUCT_BUNDLE_IDENTIFIER = "KWK.practice-gitUITests";
				PRODUCT_NAME = "$(TARGET_NAME)";
				SWIFT_VERSION = 5.0;
				TARGETED_DEVICE_FAMILY = "1,2";
				TEST_TARGET_NAME = "practice-git";
			};
			name = Release;
		};
/* End XCBuildConfiguration section */

/* Begin XCConfigurationList section */
		183DFF9022B824AE00526983 /* Build configuration list for PBXProject "practice-git" */ = {
			isa = XCConfigurationList;
			buildConfigurations = (
				183DFFBE22B824B200526983 /* Debug */,
				183DFFBF22B824B200526983 /* Release */,
			);
			defaultConfigurationIsVisible = 0;
			defaultConfigurationName = Release;
		};
		183DFFC022B824B200526983 /* Build configuration list for PBXNativeTarget "practice-git" */ = {
			isa = XCConfigurationList;
			buildConfigurations = (
				183DFFC122B824B200526983 /* Debug */,
				183DFFC222B824B200526983 /* Release */,
			);
			defaultConfigurationIsVisible = 0;
			defaultConfigurationName = Release;
		};
		183DFFC322B824B200526983 /* Build configuration list for PBXNativeTarget "practice-gitTests" */ = {
			isa = XCConfigurationList;
			buildConfigurations = (
				183DFFC422B824B200526983 /* Debug */,
				183DFFC522B824B200526983 /* Release */,
			);
			defaultConfigurationIsVisible = 0;
			defaultConfigurationName = Release;
		};
		183DFFC622B824B200526983 /* Build configuration list for PBXNativeTarget "practice-gitUITests" */ = {
			isa = XCConfigurationList;
			buildConfigurations = (
				183DFFC722B824B200526983 /* Debug */,
				183DFFC822B824B200526983 /* Release */,
			);
			defaultConfigurationIsVisible = 0;
			defaultConfigurationName = Release;
		};
/* End XCConfigurationList section */

/* Begin XCVersionGroup section */
		183DFF9F22B824AE00526983 /* practice_git.xcdatamodeld */ = {
			isa = XCVersionGroup;
			children = (
				183DFFA022B824AE00526983 /* practice_git.xcdatamodel */,
			);
			currentVersion = 183DFFA022B824AE00526983 /* practice_git.xcdatamodel */;
			path = practice_git.xcdatamodeld;
			sourceTree = "<group>";
			versionGroupType = wrapper.xcdatamodel;
		};
/* End XCVersionGroup section */
	};
	rootObject = 183DFF8D22B824AE00526983 /* Project object */;
}
